// !$*UTF8*$!
{
	archiveVersion = 1;
	classes = {
	};
	objectVersion = 50;
	objects = {

/* Begin PBXBuildFile section */
		4158AD312512807100A7CAAC /* AppDelegate.swift in Sources */ = {isa = PBXBuildFile; fileRef = 4158AD302512807100A7CAAC /* AppDelegate.swift */; };
		4158AD332512807100A7CAAC /* SceneDelegate.swift in Sources */ = {isa = PBXBuildFile; fileRef = 4158AD322512807100A7CAAC /* SceneDelegate.swift */; };
		4158AD352512807100A7CAAC /* ViewController.swift in Sources */ = {isa = PBXBuildFile; fileRef = 4158AD342512807100A7CAAC /* ViewController.swift */; };
		4158AD382512807100A7CAAC /* Main.storyboard in Resources */ = {isa = PBXBuildFile; fileRef = 4158AD362512807100A7CAAC /* Main.storyboard */; };
		4158AD3A2512807400A7CAAC /* Assets.xcassets in Resources */ = {isa = PBXBuildFile; fileRef = 4158AD392512807400A7CAAC /* Assets.xcassets */; };
		4158AD3D2512807400A7CAAC /* LaunchScreen.storyboard in Resources */ = {isa = PBXBuildFile; fileRef = 4158AD3B2512807400A7CAAC /* LaunchScreen.storyboard */; };
		4158AD482512807500A7CAAC /* QuizTests.swift in Sources */ = {isa = PBXBuildFile; fileRef = 4158AD472512807500A7CAAC /* QuizTests.swift */; };
		4158AD532512807500A7CAAC /* QuizUITests.swift in Sources */ = {isa = PBXBuildFile; fileRef = 4158AD522512807500A7CAAC /* QuizUITests.swift */; };
		4158AD612512812100A7CAAC /* QuizViewController.swift in Sources */ = {isa = PBXBuildFile; fileRef = 4158AD602512812100A7CAAC /* QuizViewController.swift */; };
		4158AD632512814200A7CAAC /* ResultViewController.swift in Sources */ = {isa = PBXBuildFile; fileRef = 4158AD622512814200A7CAAC /* ResultViewController.swift */; };
		4158AD652512825800A7CAAC /* ibui.jpg in Resources */ = {isa = PBXBuildFile; fileRef = 4158AD642512825800A7CAAC /* ibui.jpg */; };
		4158AD672512845B00A7CAAC /* myu.jpg in Resources */ = {isa = PBXBuildFile; fileRef = 4158AD662512845B00A7CAAC /* myu.jpg */; };
		4158AD692512856B00A7CAAC /* hakuryu.jpg in Resources */ = {isa = PBXBuildFile; fileRef = 4158AD682512856B00A7CAAC /* hakuryu.jpg */; };
/* End PBXBuildFile section */

/* Begin PBXContainerItemProxy section */
		4158AD442512807500A7CAAC /* PBXContainerItemProxy */ = {
			isa = PBXContainerItemProxy;
			containerPortal = 4158AD252512807100A7CAAC /* Project object */;
			proxyType = 1;
			remoteGlobalIDString = 4158AD2C2512807100A7CAAC;
			remoteInfo = Quiz;
		};
		4158AD4F2512807500A7CAAC /* PBXContainerItemProxy */ = {
			isa = PBXContainerItemProxy;
			containerPortal = 4158AD252512807100A7CAAC /* Project object */;
			proxyType = 1;
			remoteGlobalIDString = 4158AD2C2512807100A7CAAC;
			remoteInfo = Quiz;
		};
/* End PBXContainerItemProxy section */

/* Begin PBXFileReference section */
		4158AD2D2512807100A7CAAC /* Quiz.app */ = {isa = PBXFileReference; explicitFileType = wrapper.application; includeInIndex = 0; path = Quiz.app; sourceTree = BUILT_PRODUCTS_DIR; };
		4158AD302512807100A7CAAC /* AppDelegate.swift */ = {isa = PBXFileReference; lastKnownFileType = sourcecode.swift; path = AppDelegate.swift; sourceTree = "<group>"; };
		4158AD322512807100A7CAAC /* SceneDelegate.swift */ = {isa = PBXFileReference; lastKnownFileType = sourcecode.swift; path = SceneDelegate.swift; sourceTree = "<group>"; };
		4158AD342512807100A7CAAC /* ViewController.swift */ = {isa = PBXFileReference; lastKnownFileType = sourcecode.swift; path = ViewController.swift; sourceTree = "<group>"; };
		4158AD372512807100A7CAAC /* Base */ = {isa = PBXFileReference; lastKnownFileType = file.storyboard; name = Base; path = Base.lproj/Main.storyboard; sourceTree = "<group>"; };
		4158AD392512807400A7CAAC /* Assets.xcassets */ = {isa = PBXFileReference; lastKnownFileType = folder.assetcatalog; path = Assets.xcassets; sourceTree = "<group>"; };
		4158AD3C2512807400A7CAAC /* Base */ = {isa = PBXFileReference; lastKnownFileType = file.storyboard; name = Base; path = Base.lproj/LaunchScreen.storyboard; sourceTree = "<group>"; };
		4158AD3E2512807400A7CAAC /* Info.plist */ = {isa = PBXFileReference; lastKnownFileType = text.plist.xml; path = Info.plist; sourceTree = "<group>"; };
		4158AD432512807500A7CAAC /* QuizTests.xctest */ = {isa = PBXFileReference; explicitFileType = wrapper.cfbundle; includeInIndex = 0; path = QuizTests.xctest; sourceTree = BUILT_PRODUCTS_DIR; };
		4158AD472512807500A7CAAC /* QuizTests.swift */ = {isa = PBXFileReference; lastKnownFileType = sourcecode.swift; path = QuizTests.swift; sourceTree = "<group>"; };
		4158AD492512807500A7CAAC /* Info.plist */ = {isa = PBXFileReference; lastKnownFileType = text.plist.xml; path = Info.plist; sourceTree = "<group>"; };
		4158AD4E2512807500A7CAAC /* QuizUITests.xctest */ = {isa = PBXFileReference; explicitFileType = wrapper.cfbundle; includeInIndex = 0; path = QuizUITests.xctest; sourceTree = BUILT_PRODUCTS_DIR; };
		4158AD522512807500A7CAAC /* QuizUITests.swift */ = {isa = PBXFileReference; lastKnownFileType = sourcecode.swift; path = QuizUITests.swift; sourceTree = "<group>"; };
		4158AD542512807500A7CAAC /* Info.plist */ = {isa = PBXFileReference; lastKnownFileType = text.plist.xml; path = Info.plist; sourceTree = "<group>"; };
		4158AD602512812100A7CAAC /* QuizViewController.swift */ = {isa = PBXFileReference; lastKnownFileType = sourcecode.swift; path = QuizViewController.swift; sourceTree = "<group>"; };
		4158AD622512814200A7CAAC /* ResultViewController.swift */ = {isa = PBXFileReference; lastKnownFileType = sourcecode.swift; path = ResultViewController.swift; sourceTree = "<group>"; };
		4158AD642512825800A7CAAC /* ibui.jpg */ = {isa = PBXFileReference; lastKnownFileType = image.jpeg; path = ibui.jpg; sourceTree = "<group>"; };
		4158AD662512845B00A7CAAC /* myu.jpg */ = {isa = PBXFileReference; lastKnownFileType = image.jpeg; path = myu.jpg; sourceTree = "<group>"; };
		4158AD682512856B00A7CAAC /* hakuryu.jpg */ = {isa = PBXFileReference; lastKnownFileType = image.jpeg; path = hakuryu.jpg; sourceTree = "<group>"; };
/* End PBXFileReference section */

/* Begin PBXFrameworksBuildPhase section */
		4158AD2A2512807100A7CAAC /* Frameworks */ = {
			isa = PBXFrameworksBuildPhase;
			buildActionMask = 2147483647;
			files = (
			);
			runOnlyForDeploymentPostprocessing = 0;
		};
		4158AD402512807500A7CAAC /* Frameworks */ = {
			isa = PBXFrameworksBuildPhase;
			buildActionMask = 2147483647;
			files = (
			);
			runOnlyForDeploymentPostprocessing = 0;
		};
		4158AD4B2512807500A7CAAC /* Frameworks */ = {
			isa = PBXFrameworksBuildPhase;
			buildActionMask = 2147483647;
			files = (
			);
			runOnlyForDeploymentPostprocessing = 0;
		};
/* End PBXFrameworksBuildPhase section */

/* Begin PBXGroup section */
		4158AD242512807100A7CAAC = {
			isa = PBXGroup;
			children = (
				4158AD2F2512807100A7CAAC /* Quiz */,
				4158AD462512807500A7CAAC /* QuizTests */,
				4158AD512512807500A7CAAC /* QuizUITests */,
				4158AD2E2512807100A7CAAC /* Products */,
			);
			sourceTree = "<group>";
		};
		4158AD2E2512807100A7CAAC /* Products */ = {
			isa = PBXGroup;
			children = (
				4158AD2D2512807100A7CAAC /* Quiz.app */,
				4158AD432512807500A7CAAC /* QuizTests.xctest */,
				4158AD4E2512807500A7CAAC /* QuizUITests.xctest */,
			);
			name = Products;
			sourceTree = "<group>";
		};
		4158AD2F2512807100A7CAAC /* Quiz */ = {
			isa = PBXGroup;
			children = (
				4158AD682512856B00A7CAAC /* hakuryu.jpg */,
				4158AD662512845B00A7CAAC /* myu.jpg */,
				4158AD642512825800A7CAAC /* ibui.jpg */,
				4158AD302512807100A7CAAC /* AppDelegate.swift */,
				4158AD322512807100A7CAAC /* SceneDelegate.swift */,
				4158AD342512807100A7CAAC /* ViewController.swift */,
				4158AD602512812100A7CAAC /* QuizViewController.swift */,
				4158AD622512814200A7CAAC /* ResultViewController.swift */,
				4158AD362512807100A7CAAC /* Main.storyboard */,
				4158AD392512807400A7CAAC /* Assets.xcassets */,
				4158AD3B2512807400A7CAAC /* LaunchScreen.storyboard */,
				4158AD3E2512807400A7CAAC /* Info.plist */,
			);
			path = Quiz;
			sourceTree = "<group>";
		};
		4158AD462512807500A7CAAC /* QuizTests */ = {
			isa = PBXGroup;
			children = (
				4158AD472512807500A7CAAC /* QuizTests.swift */,
				4158AD492512807500A7CAAC /* Info.plist */,
			);
			path = QuizTests;
			sourceTree = "<group>";
		};
		4158AD512512807500A7CAAC /* QuizUITests */ = {
			isa = PBXGroup;
			children = (
				4158AD522512807500A7CAAC /* QuizUITests.swift */,
				4158AD542512807500A7CAAC /* Info.plist */,
			);
			path = QuizUITests;
			sourceTree = "<group>";
		};
/* End PBXGroup section */

/* Begin PBXNativeTarget section */
		4158AD2C2512807100A7CAAC /* Quiz */ = {
			isa = PBXNativeTarget;
			buildConfigurationList = 4158AD572512807500A7CAAC /* Build configuration list for PBXNativeTarget "Quiz" */;
			buildPhases = (
				4158AD292512807100A7CAAC /* Sources */,
				4158AD2A2512807100A7CAAC /* Frameworks */,
				4158AD2B2512807100A7CAAC /* Resources */,
			);
			buildRules = (
			);
			dependencies = (
			);
			name = Quiz;
			productName = Quiz;
			productReference = 4158AD2D2512807100A7CAAC /* Quiz.app */;
			productType = "com.apple.product-type.application";
		};
		4158AD422512807500A7CAAC /* QuizTests */ = {
			isa = PBXNativeTarget;
			buildConfigurationList = 4158AD5A2512807500A7CAAC /* Build configuration list for PBXNativeTarget "QuizTests" */;
			buildPhases = (
				4158AD3F2512807500A7CAAC /* Sources */,
				4158AD402512807500A7CAAC /* Frameworks */,
				4158AD412512807500A7CAAC /* Resources */,
			);
			buildRules = (
			);
			dependencies = (
				4158AD452512807500A7CAAC /* PBXTargetDependency */,
			);
			name = QuizTests;
			productName = QuizTests;
			productReference = 4158AD432512807500A7CAAC /* QuizTests.xctest */;
			productType = "com.apple.product-type.bundle.unit-test";
		};
		4158AD4D2512807500A7CAAC /* QuizUITests */ = {
			isa = PBXNativeTarget;
			buildConfigurationList = 4158AD5D2512807500A7CAAC /* Build configuration list for PBXNativeTarget "QuizUITests" */;
			buildPhases = (
				4158AD4A2512807500A7CAAC /* Sources */,
				4158AD4B2512807500A7CAAC /* Frameworks */,
				4158AD4C2512807500A7CAAC /* Resources */,
			);
			buildRules = (
			);
			dependencies = (
				4158AD502512807500A7CAAC /* PBXTargetDependency */,
			);
			name = QuizUITests;
			productName = QuizUITests;
			productReference = 4158AD4E2512807500A7CAAC /* QuizUITests.xctest */;
			productType = "com.apple.product-type.bundle.ui-testing";
		};
/* End PBXNativeTarget section */

/* Begin PBXProject section */
		4158AD252512807100A7CAAC /* Project object */ = {
			isa = PBXProject;
			attributes = {
				LastSwiftUpdateCheck = 1170;
				LastUpgradeCheck = 1170;
				ORGANIZATIONNAME = IdoUmi;
				TargetAttributes = {
					4158AD2C2512807100A7CAAC = {
						CreatedOnToolsVersion = 11.7;
					};
					4158AD422512807500A7CAAC = {
						CreatedOnToolsVersion = 11.7;
						TestTargetID = 4158AD2C2512807100A7CAAC;
					};
					4158AD4D2512807500A7CAAC = {
						CreatedOnToolsVersion = 11.7;
						TestTargetID = 4158AD2C2512807100A7CAAC;
					};
				};
			};
			buildConfigurationList = 4158AD282512807100A7CAAC /* Build configuration list for PBXProject "Quiz" */;
			compatibilityVersion = "Xcode 9.3";
			developmentRegion = en;
			hasScannedForEncodings = 0;
			knownRegions = (
				en,
				Base,
			);
			mainGroup = 4158AD242512807100A7CAAC;
			productRefGroup = 4158AD2E2512807100A7CAAC /* Products */;
			projectDirPath = "";
			projectRoot = "";
			targets = (
				4158AD2C2512807100A7CAAC /* Quiz */,
				4158AD422512807500A7CAAC /* QuizTests */,
				4158AD4D2512807500A7CAAC /* QuizUITests */,
			);
		};
/* End PBXProject section */

/* Begin PBXResourcesBuildPhase section */
		4158AD2B2512807100A7CAAC /* Resources */ = {
			isa = PBXResourcesBuildPhase;
			buildActionMask = 2147483647;
			files = (
				4158AD652512825800A7CAAC /* ibui.jpg in Resources */,
				4158AD692512856B00A7CAAC /* hakuryu.jpg in Resources */,
				4158AD672512845B00A7CAAC /* myu.jpg in Resources */,
				4158AD3D2512807400A7CAAC /* LaunchScreen.storyboard in Resources */,
				4158AD3A2512807400A7CAAC /* Assets.xcassets in Resources */,
				4158AD382512807100A7CAAC /* Main.storyboard in Resources */,
			);
			runOnlyForDeploymentPostprocessing = 0;
		};
		4158AD412512807500A7CAAC /* Resources */ = {
			isa = PBXResourcesBuildPhase;
			buildActionMask = 2147483647;
			files = (
			);
			runOnlyForDeploymentPostprocessing = 0;
		};
		4158AD4C2512807500A7CAAC /* Resources */ = {
			isa = PBXResourcesBuildPhase;
			buildActionMask = 2147483647;
			files = (
			);
			runOnlyForDeploymentPostprocessing = 0;
		};
/* End PBXResourcesBuildPhase section */

/* Begin PBXSourcesBuildPhase section */
		4158AD292512807100A7CAAC /* Sources */ = {
			isa = PBXSourcesBuildPhase;
			buildActionMask = 2147483647;
			files = (
				4158AD632512814200A7CAAC /* ResultViewController.swift in Sources */,
				4158AD352512807100A7CAAC /* ViewController.swift in Sources */,
				4158AD312512807100A7CAAC /* AppDelegate.swift in Sources */,
				4158AD332512807100A7CAAC /* SceneDelegate.swift in Sources */,
				4158AD612512812100A7CAAC /* QuizViewController.swift in Sources */,
			);
			runOnlyForDeploymentPostprocessing = 0;
		};
		4158AD3F2512807500A7CAAC /* Sources */ = {
			isa = PBXSourcesBuildPhase;
			buildActionMask = 2147483647;
			files = (
				4158AD482512807500A7CAAC /* QuizTests.swift in Sources */,
			);
			runOnlyForDeploymentPostprocessing = 0;
		};
		4158AD4A2512807500A7CAAC /* Sources */ = {
			isa = PBXSourcesBuildPhase;
			buildActionMask = 2147483647;
			files = (
				4158AD532512807500A7CAAC /* QuizUITests.swift in Sources */,
			);
			runOnlyForDeploymentPostprocessing = 0;
		};
/* End PBXSourcesBuildPhase section */

/* Begin PBXTargetDependency section */
		4158AD452512807500A7CAAC /* PBXTargetDependency */ = {
			isa = PBXTargetDependency;
			target = 4158AD2C2512807100A7CAAC /* Quiz */;
			targetProxy = 4158AD442512807500A7CAAC /* PBXContainerItemProxy */;
		};
		4158AD502512807500A7CAAC /* PBXTargetDependency */ = {
			isa = PBXTargetDependency;
			target = 4158AD2C2512807100A7CAAC /* Quiz */;
			targetProxy = 4158AD4F2512807500A7CAAC /* PBXContainerItemProxy */;
		};
/* End PBXTargetDependency section */

/* Begin PBXVariantGroup section */
		4158AD362512807100A7CAAC /* Main.storyboard */ = {
			isa = PBXVariantGroup;
			children = (
				4158AD372512807100A7CAAC /* Base */,
			);
			name = Main.storyboard;
			sourceTree = "<group>";
		};
		4158AD3B2512807400A7CAAC /* LaunchScreen.storyboard */ = {
			isa = PBXVariantGroup;
			children = (
				4158AD3C2512807400A7CAAC /* Base */,
			);
			name = LaunchScreen.storyboard;
			sourceTree = "<group>";
		};
/* End PBXVariantGroup section */

/* Begin XCBuildConfiguration section */
		4158AD552512807500A7CAAC /* Debug */ = {
			isa = XCBuildConfiguration;
			buildSettings = {
				ALWAYS_SEARCH_USER_PATHS = NO;
				CLANG_ANALYZER_NONNULL = YES;
				CLANG_ANALYZER_NUMBER_OBJECT_CONVERSION = YES_AGGRESSIVE;
				CLANG_CXX_LANGUAGE_STANDARD = "gnu++14";
				CLANG_CXX_LIBRARY = "libc++";
				CLANG_ENABLE_MODULES = YES;
				CLANG_ENABLE_OBJC_ARC = YES;
				CLANG_ENABLE_OBJC_WEAK = YES;
				CLANG_WARN_BLOCK_CAPTURE_AUTORELEASING = YES;
				CLANG_WARN_BOOL_CONVERSION = YES;
				CLANG_WARN_COMMA = YES;
				CLANG_WARN_CONSTANT_CONVERSION = YES;
				CLANG_WARN_DEPRECATED_OBJC_IMPLEMENTATIONS = YES;
				CLANG_WARN_DIRECT_OBJC_ISA_USAGE = YES_ERROR;
				CLANG_WARN_DOCUMENTATION_COMMENTS = YES;
				CLANG_WARN_EMPTY_BODY = YES;
				CLANG_WARN_ENUM_CONVERSION = YES;
				CLANG_WARN_INFINITE_RECURSION = YES;
				CLANG_WARN_INT_CONVERSION = YES;
				CLANG_WARN_NON_LITERAL_NULL_CONVERSION = YES;
				CLANG_WARN_OBJC_IMPLICIT_RETAIN_SELF = YES;
				CLANG_WARN_OBJC_LITERAL_CONVERSION = YES;
				CLANG_WARN_OBJC_ROOT_CLASS = YES_ERROR;
				CLANG_WARN_RANGE_LOOP_ANALYSIS = YES;
				CLANG_WARN_STRICT_PROTOTYPES = YES;
				CLANG_WARN_SUSPICIOUS_MOVE = YES;
				CLANG_WARN_UNGUARDED_AVAILABILITY = YES_AGGRESSIVE;
				CLANG_WARN_UNREACHABLE_CODE = YES;
				CLANG_WARN__DUPLICATE_METHOD_MATCH = YES;
				COPY_PHASE_STRIP = NO;
				DEBUG_INFORMATION_FORMAT = dwarf;
				ENABLE_STRICT_OBJC_MSGSEND = YES;
				ENABLE_TESTABILITY = YES;
				GCC_C_LANGUAGE_STANDARD = gnu11;
				GCC_DYNAMIC_NO_PIC = NO;
				GCC_NO_COMMON_BLOCKS = YES;
				GCC_OPTIMIZATION_LEVEL = 0;
				GCC_PREPROCESSOR_DEFINITIONS = (
					"DEBUG=1",
					"$(inherited)",
				);
				GCC_WARN_64_TO_32_BIT_CONVERSION = YES;
				GCC_WARN_ABOUT_RETURN_TYPE = YES_ERROR;
				GCC_WARN_UNDECLARED_SELECTOR = YES;
				GCC_WARN_UNINITIALIZED_AUTOS = YES_AGGRESSIVE;
				GCC_WARN_UNUSED_FUNCTION = YES;
				GCC_WARN_UNUSED_VARIABLE = YES;
				IPHONEOS_DEPLOYMENT_TARGET = 13.7;
				MTL_ENABLE_DEBUG_INFO = INCLUDE_SOURCE;
				MTL_FAST_MATH = YES;
				ONLY_ACTIVE_ARCH = YES;
				SDKROOT = iphoneos;
				SWIFT_ACTIVE_COMPILATION_CONDITIONS = DEBUG;
				SWIFT_OPTIMIZATION_LEVEL = "-Onone";
			};
			name = Debug;
		};
		4158AD562512807500A7CAAC /* Release */ = {
			isa = XCBuildConfiguration;
			buildSettings = {
				ALWAYS_SEARCH_USER_PATHS = NO;
				CLANG_ANALYZER_NONNULL = YES;
				CLANG_ANALYZER_NUMBER_OBJECT_CONVERSION = YES_AGGRESSIVE;
				CLANG_CXX_LANGUAGE_STANDARD = "gnu++14";
				CLANG_CXX_LIBRARY = "libc++";
				CLANG_ENABLE_MODULES = YES;
				CLANG_ENABLE_OBJC_ARC = YES;
				CLANG_ENABLE_OBJC_WEAK = YES;
				CLANG_WARN_BLOCK_CAPTURE_AUTORELEASING = YES;
				CLANG_WARN_BOOL_CONVERSION = YES;
				CLANG_WARN_COMMA = YES;
				CLANG_WARN_CONSTANT_CONVERSION = YES;
				CLANG_WARN_DEPRECATED_OBJC_IMPLEMENTATIONS = YES;
				CLANG_WARN_DIRECT_OBJC_ISA_USAGE = YES_ERROR;
				CLANG_WARN_DOCUMENTATION_COMMENTS = YES;
				CLANG_WARN_EMPTY_BODY = YES;
				CLANG_WARN_ENUM_CONVERSION = YES;
				CLANG_WARN_INFINITE_RECURSION = YES;
				CLANG_WARN_INT_CONVERSION = YES;
				CLANG_WARN_NON_LITERAL_NULL_CONVERSION = YES;
				CLANG_WARN_OBJC_IMPLICIT_RETAIN_SELF = YES;
				CLANG_WARN_OBJC_LITERAL_CONVERSION = YES;
				CLANG_WARN_OBJC_ROOT_CLASS = YES_ERROR;
				CLANG_WARN_RANGE_LOOP_ANALYSIS = YES;
				CLANG_WARN_STRICT_PROTOTYPES = YES;
				CLANG_WARN_SUSPICIOUS_MOVE = YES;
				CLANG_WARN_UNGUARDED_AVAILABILITY = YES_AGGRESSIVE;
				CLANG_WARN_UNREACHABLE_CODE = YES;
				CLANG_WARN__DUPLICATE_METHOD_MATCH = YES;
				COPY_PHASE_STRIP = NO;
				DEBUG_INFORMATION_FORMAT = "dwarf-with-dsym";
				ENABLE_NS_ASSERTIONS = NO;
				ENABLE_STRICT_OBJC_MSGSEND = YES;
				GCC_C_LANGUAGE_STANDARD = gnu11;
				GCC_NO_COMMON_BLOCKS = YES;
				GCC_WARN_64_TO_32_BIT_CONVERSION = YES;
				GCC_WARN_ABOUT_RETURN_TYPE = YES_ERROR;
				GCC_WARN_UNDECLARED_SELECTOR = YES;
				GCC_WARN_UNINITIALIZED_AUTOS = YES_AGGRESSIVE;
				GCC_WARN_UNUSED_FUNCTION = YES;
				GCC_WARN_UNUSED_VARIABLE = YES;
				IPHONEOS_DEPLOYMENT_TARGET = 13.7;
				MTL_ENABLE_DEBUG_INFO = NO;
				MTL_FAST_MATH = YES;
				SDKROOT = iphoneos;
				SWIFT_COMPILATION_MODE = wholemodule;
				SWIFT_OPTIMIZATION_LEVEL = "-O";
				VALIDATE_PRODUCT = YES;
			};
			name = Release;
		};
		4158AD582512807500A7CAAC /* Debug */ = {
			isa = XCBuildConfiguration;
			buildSettings = {
				ASSETCATALOG_COMPILER_APPICON_NAME = AppIcon;
				CODE_SIGN_STYLE = Automatic;
				DEVELOPMENT_TEAM = 6PN9A6G6V4;
				INFOPLIST_FILE = Quiz/Info.plist;
				LD_RUNPATH_SEARCH_PATHS = (
					"$(inherited)",
					"@executable_path/Frameworks",
				);
				PRODUCT_BUNDLE_IDENTIFIER = app.ido.umi.Quiz;
				PRODUCT_NAME = "$(TARGET_NAME)";
				SWIFT_VERSION = 5.0;
				TARGETED_DEVICE_FAMILY = "1,2";
			};
			name = Debug;
		};
		4158AD592512807500A7CAAC /* Release */ = {
			isa = XCBuildConfiguration;
			buildSettings = {
				ASSETCATALOG_COMPILER_APPICON_NAME = AppIcon;
				CODE_SIGN_STYLE = Automatic;
				DEVELOPMENT_TEAM = 6PN9A6G6V4;
				INFOPLIST_FILE = Quiz/Info.plist;
				LD_RUNPATH_SEARCH_PATHS = (
					"$(inherited)",
					"@executable_path/Frameworks",
				);
				PRODUCT_BUNDLE_IDENTIFIER = app.ido.umi.Quiz;
				PRODUCT_NAME = "$(TARGET_NAME)";
				SWIFT_VERSION = 5.0;
				TARGETED_DEVICE_FAMILY = "1,2";
			};
			name = Release;
		};
		4158AD5B2512807500A7CAAC /* Debug */ = {
			isa = XCBuildConfiguration;
			buildSettings = {
				ALWAYS_EMBED_SWIFT_STANDARD_LIBRARIES = YES;
				BUNDLE_LOADER = "$(TEST_HOST)";
				CODE_SIGN_STYLE = Automatic;
				INFOPLIST_FILE = QuizTests/Info.plist;
				IPHONEOS_DEPLOYMENT_TARGET = 13.7;
				LD_RUNPATH_SEARCH_PATHS = (
					"$(inherited)",
					"@executable_path/Frameworks",
					"@loader_path/Frameworks",
				);
				PRODUCT_BUNDLE_IDENTIFIER = app.ido.umi.QuizTests;
				PRODUCT_NAME = "$(TARGET_NAME)";
				SWIFT_VERSION = 5.0;
				TARGETED_DEVICE_FAMILY = "1,2";
				TEST_HOST = "$(BUILT_PRODUCTS_DIR)/Quiz.app/Quiz";
			};
			name = Debug;
		};
		4158AD5C2512807500A7CAAC /* Release */ = {
			isa = XCBuildConfiguration;
			buildSettings = {
				ALWAYS_EMBED_SWIFT_STANDARD_LIBRARIES = YES;
				BUNDLE_LOADER = "$(TEST_HOST)";
				CODE_SIGN_STYLE = Automatic;
				INFOPLIST_FILE = QuizTests/Info.plist;
				IPHONEOS_DEPLOYMENT_TARGET = 13.7;
				LD_RUNPATH_SEARCH_PATHS = (
					"$(inherited)",
					"@executable_path/Frameworks",
					"@loader_path/Frameworks",
				);
				PRODUCT_BUNDLE_IDENTIFIER = app.ido.umi.QuizTests;
				PRODUCT_NAME = "$(TARGET_NAME)";
				SWIFT_VERSION = 5.0;
				TARGETED_DEVICE_FAMILY = "1,2";
				TEST_HOST = "$(BUILT_PRODUCTS_DIR)/Quiz.app/Quiz";
			};
			name = Release;
		};
		4158AD5E2512807500A7CAAC /* Debug */ = {
			isa = XCBuildConfiguration;
			buildSettings = {
				ALWAYS_EMBED_SWIFT_STANDARD_LIBRARIES = YES;
				CODE_SIGN_STYLE = Automatic;
				INFOPLIST_FILE = QuizUITests/Info.plist;
				LD_RUNPATH_SEARCH_PATHS = (
					"$(inherited)",
					"@executable_path/Frameworks",
					"@loader_path/Frameworks",
				);
				PRODUCT_BUNDLE_IDENTIFIER = app.ido.umi.QuizUITests;
				PRODUCT_NAME = "$(TARGET_NAME)";
				SWIFT_VERSION = 5.0;
				TARGETED_DEVICE_FAMILY = "1,2";
				TEST_TARGET_NAME = Quiz;
			};
			name = Debug;
		};
		4158AD5F2512807500A7CAAC /* Release */ = {
			isa = XCBuildConfiguration;
			buildSettings = {
				ALWAYS_EMBED_SWIFT_STANDARD_LIBRARIES = YES;
				CODE_SIGN_STYLE = Automatic;
				INFOPLIST_FILE = QuizUITests/Info.plist;
				LD_RUNPATH_SEARCH_PATHS = (
					"$(inherited)",
					"@executable_path/Frameworks",
					"@loader_path/Frameworks",
				);
				PRODUCT_BUNDLE_IDENTIFIER = app.ido.umi.QuizUITests;
				PRODUCT_NAME = "$(TARGET_NAME)";
				SWIFT_VERSION = 5.0;
				TARGETED_DEVICE_FAMILY = "1,2";
				TEST_TARGET_NAME = Quiz;
			};
			name = Release;
		};
/* End XCBuildConfiguration section */

/* Begin XCConfigurationList section */
		4158AD282512807100A7CAAC /* Build configuration list for PBXProject "Quiz" */ = {
			isa = XCConfigurationList;
			buildConfigurations = (
				4158AD552512807500A7CAAC /* Debug */,
				4158AD562512807500A7CAAC /* Release */,
			);
			defaultConfigurationIsVisible = 0;
			defaultConfigurationName = Release;
		};
		4158AD572512807500A7CAAC /* Build configuration list for PBXNativeTarget "Quiz" */ = {
			isa = XCConfigurationList;
			buildConfigurations = (
				4158AD582512807500A7CAAC /* Debug */,
				4158AD592512807500A7CAAC /* Release */,
			);
			defaultConfigurationIsVisible = 0;
			defaultConfigurationName = Release;
		};
		4158AD5A2512807500A7CAAC /* Build configuration list for PBXNativeTarget "QuizTests" */ = {
			isa = XCConfigurationList;
			buildConfigurations = (
				4158AD5B2512807500A7CAAC /* Debug */,
				4158AD5C2512807500A7CAAC /* Release */,
			);
			defaultConfigurationIsVisible = 0;
			defaultConfigurationName = Release;
		};
		4158AD5D2512807500A7CAAC /* Build configuration list for PBXNativeTarget "QuizUITests" */ = {
			isa = XCConfigurationList;
			buildConfigurations = (
				4158AD5E2512807500A7CAAC /* Debug */,
				4158AD5F2512807500A7CAAC /* Release */,
			);
			defaultConfigurationIsVisible = 0;
			defaultConfigurationName = Release;
		};
/* End XCConfigurationList section */
	};
	rootObject = 4158AD252512807100A7CAAC /* Project object */;
}
